// !$*UTF8*$!
{
	archiveVersion = 1;
	classes = {
	};
	objectVersion = 48;
	objects = {

/* Begin PBXBuildFile section */
		4F20EECB132C69FE0030E34C /* ReaperPlugin.cpp in Sources */ = {isa = PBXBuildFile; fileRef = 52FBBED00D0CF139001C8B8A /* ReaperPlugin.cpp */; };
		4F23D7DF1FD6A9F90030AD9D /* Cocoa.framework in Frameworks */ = {isa = PBXBuildFile; fileRef = 4F7081FD1FD6A6F3005BCD30 /* Cocoa.framework */; };
		4F78D9BB13B63BA50032E0F3 /* IPlugBase.cpp in Sources */ = {isa = PBXBuildFile; fileRef = 4F78D8ED13B63BA40032E0F3 /* IPlugBase.cpp */; };
		4F78D9BC13B63BA50032E0F3 /* IPlugStructs.cpp in Sources */ = {isa = PBXBuildFile; fileRef = 4F78D8EF13B63BA50032E0F3 /* IPlugStructs.cpp */; };
		4F78D9BD13B63BA50032E0F3 /* Hosts.cpp in Sources */ = {isa = PBXBuildFile; fileRef = 4F78D8F313B63BA50032E0F3 /* Hosts.cpp */; };
		4F78D9C313B63BA50032E0F3 /* Log.cpp in Sources */ = {isa = PBXBuildFile; fileRef = 4F78D8FB13B63BA50032E0F3 /* Log.cpp */; };
		4F78D9C813B63BA50032E0F3 /* IParam.cpp in Sources */ = {isa = PBXBuildFile; fileRef = 4F78D90413B63BA50032E0F3 /* IParam.cpp */; };
		4F78D9F313B63C6A0032E0F3 /* IPlugVST.cpp in Sources */ = {isa = PBXBuildFile; fileRef = 4F78D9EC13B63C6A0032E0F3 /* IPlugVST.cpp */; };
		4FBC0D3A1FD699D500489E0B /* swell-modstub.mm in Sources */ = {isa = PBXBuildFile; fileRef = 4FBC0D351FD6990900489E0B /* swell-modstub.mm */; };
/* End PBXBuildFile section */

/* Begin PBXFileReference section */
		4F1F1BE9135B1F60003A5BB2 /* wdlendian.h */ = {isa = PBXFileReference; fileEncoding = 4; lastKnownFileType = sourcecode.c.h; name = wdlendian.h; path = ../../WDL/wdlendian.h; sourceTree = SOURCE_ROOT; };
		4F20EF33132C69FE0030E34C /* ReaperPlugin.vst */ = {isa = PBXFileReference; explicitFileType = wrapper.cfbundle; includeInIndex = 0; path = ReaperPlugin.vst; sourceTree = BUILT_PRODUCTS_DIR; };
		4F23BA1513B647E50097A67E /* ReaperPlugin-VST2-Info.plist */ = {isa = PBXFileReference; fileEncoding = 4; lastKnownFileType = text.plist.xml; name = "ReaperPlugin-VST2-Info.plist"; path = "resources/ReaperPlugin-VST2-Info.plist"; sourceTree = "<group>"; };
		4F3EE94513B65A350097B791 /* IPlugOSDetect.h */ = {isa = PBXFileReference; fileEncoding = 4; lastKnownFileType = sourcecode.c.h; name = IPlugOSDetect.h; path = ../../IPlug/IPlugOSDetect.h; sourceTree = SOURCE_ROOT; };
		4F4237201FC852FE0067D58C /* IPlugConstants.h */ = {isa = PBXFileReference; lastKnownFileType = sourcecode.c.h; name = IPlugConstants.h; path = ../../IPlug/IPlugConstants.h; sourceTree = "<group>"; };
		4F4237211FC85ABA0067D58C /* IPlugByteChunk.h */ = {isa = PBXFileReference; lastKnownFileType = sourcecode.c.h; name = IPlugByteChunk.h; path = ../../IPlug/IPlugByteChunk.h; sourceTree = "<group>"; };
		4F4237231FC863060067D58C /* IPlugUtilities.h */ = {isa = PBXFileReference; fileEncoding = 4; lastKnownFileType = sourcecode.c.h; name = IPlugUtilities.h; path = ../../IPlug/IPlugUtilities.h; sourceTree = "<group>"; };
		4F7081FA1FD6A6F2005BCD30 /* Carbon.framework */ = {isa = PBXFileReference; lastKnownFileType = wrapper.framework; name = Carbon.framework; path = ../../../../../../System/Library/Frameworks/Carbon.framework; sourceTree = "<group>"; };
		4F7081FB1FD6A6F3005BCD30 /* CoreData.framework */ = {isa = PBXFileReference; lastKnownFileType = wrapper.framework; name = CoreData.framework; path = ../../../../../../System/Library/Frameworks/CoreData.framework; sourceTree = "<group>"; };
		4F7081FC1FD6A6F3005BCD30 /* CoreServices.framework */ = {isa = PBXFileReference; lastKnownFileType = wrapper.framework; name = CoreServices.framework; path = ../../../../../../System/Library/Frameworks/CoreServices.framework; sourceTree = "<group>"; };
		4F7081FD1FD6A6F3005BCD30 /* Cocoa.framework */ = {isa = PBXFileReference; lastKnownFileType = wrapper.framework; name = Cocoa.framework; path = ../../../../../../System/Library/Frameworks/Cocoa.framework; sourceTree = "<group>"; };
		4F7081FE1FD6A6F3005BCD30 /* Foundation.framework */ = {isa = PBXFileReference; lastKnownFileType = wrapper.framework; name = Foundation.framework; path = ../../../../../../System/Library/Frameworks/Foundation.framework; sourceTree = "<group>"; };
		4F7081FF1FD6A6F3005BCD30 /* CoreFoundation.framework */ = {isa = PBXFileReference; lastKnownFileType = wrapper.framework; name = CoreFoundation.framework; path = System/Library/Frameworks/CoreFoundation.framework; sourceTree = SDKROOT; };
		4F78D8BD13B63A4E0032E0F3 /* wdltypes.h */ = {isa = PBXFileReference; fileEncoding = 4; lastKnownFileType = sourcecode.c.h; name = wdltypes.h; path = ../../WDL/wdltypes.h; sourceTree = SOURCE_ROOT; };
		4F78D8D213B63B5D0032E0F3 /* aeffect.h */ = {isa = PBXFileReference; fileEncoding = 4; lastKnownFileType = sourcecode.c.h; path = aeffect.h; sourceTree = "<group>"; };
		4F78D8D313B63B5D0032E0F3 /* aeffectx.h */ = {isa = PBXFileReference; fileEncoding = 4; lastKnownFileType = sourcecode.c.h; path = aeffectx.h; sourceTree = "<group>"; };
		4F78D8E613B63BA40032E0F3 /* IPlug_include_in_plug_hdr.h */ = {isa = PBXFileReference; fileEncoding = 4; lastKnownFileType = sourcecode.c.h; name = IPlug_include_in_plug_hdr.h; path = ../../IPlug/IPlug_include_in_plug_hdr.h; sourceTree = SOURCE_ROOT; };
		4F78D8E813B63BA40032E0F3 /* IPlug_include_in_plug_src.h */ = {isa = PBXFileReference; fileEncoding = 4; lastKnownFileType = sourcecode.c.h; name = IPlug_include_in_plug_src.h; path = ../../IPlug/IPlug_include_in_plug_src.h; sourceTree = SOURCE_ROOT; };
		4F78D8EC13B63BA40032E0F3 /* IPlugBase.h */ = {isa = PBXFileReference; fileEncoding = 4; lastKnownFileType = sourcecode.c.h; name = IPlugBase.h; path = ../../IPlug/IPlugBase.h; sourceTree = SOURCE_ROOT; };
		4F78D8ED13B63BA40032E0F3 /* IPlugBase.cpp */ = {isa = PBXFileReference; fileEncoding = 4; lastKnownFileType = sourcecode.cpp.cpp; name = IPlugBase.cpp; path = ../../IPlug/IPlugBase.cpp; sourceTree = SOURCE_ROOT; };
		4F78D8EF13B63BA50032E0F3 /* IPlugStructs.cpp */ = {isa = PBXFileReference; fileEncoding = 4; lastKnownFileType = sourcecode.cpp.cpp; name = IPlugStructs.cpp; path = ../../IPlug/IPlugStructs.cpp; sourceTree = SOURCE_ROOT; };
		4F78D8F213B63BA50032E0F3 /* Hosts.h */ = {isa = PBXFileReference; fileEncoding = 4; lastKnownFileType = sourcecode.c.h; name = Hosts.h; path = ../../IPlug/Hosts.h; sourceTree = SOURCE_ROOT; };
		4F78D8F313B63BA50032E0F3 /* Hosts.cpp */ = {isa = PBXFileReference; fileEncoding = 4; lastKnownFileType = sourcecode.cpp.cpp; name = Hosts.cpp; path = ../../IPlug/Hosts.cpp; sourceTree = SOURCE_ROOT; };
		4F78D8FA13B63BA50032E0F3 /* Log.h */ = {isa = PBXFileReference; fileEncoding = 4; lastKnownFileType = sourcecode.c.h; name = Log.h; path = ../../IPlug/Log.h; sourceTree = SOURCE_ROOT; };
		4F78D8FB13B63BA50032E0F3 /* Log.cpp */ = {isa = PBXFileReference; fileEncoding = 4; lastKnownFileType = sourcecode.cpp.cpp; name = Log.cpp; path = ../../IPlug/Log.cpp; sourceTree = SOURCE_ROOT; };
		4F78D8FE13B63BA50032E0F3 /* IPlugStructs.h */ = {isa = PBXFileReference; fileEncoding = 4; lastKnownFileType = sourcecode.c.h; name = IPlugStructs.h; path = ../../IPlug/IPlugStructs.h; sourceTree = SOURCE_ROOT; };
		4F78D90213B63BA50032E0F3 /* IPlug_Prefix.pch */ = {isa = PBXFileReference; fileEncoding = 4; lastKnownFileType = sourcecode.c.h; name = IPlug_Prefix.pch; path = ../../IPlug/IPlug_Prefix.pch; sourceTree = SOURCE_ROOT; };
		4F78D90313B63BA50032E0F3 /* IParam.h */ = {isa = PBXFileReference; fileEncoding = 4; lastKnownFileType = sourcecode.c.h; name = IParam.h; path = ../../IPlug/IParam.h; sourceTree = SOURCE_ROOT; };
		4F78D90413B63BA50032E0F3 /* IParam.cpp */ = {isa = PBXFileReference; fileEncoding = 4; lastKnownFileType = sourcecode.cpp.cpp; name = IParam.cpp; path = ../../IPlug/IParam.cpp; sourceTree = SOURCE_ROOT; };
		4F78D90513B63BA50032E0F3 /* IMidiQueue.h */ = {isa = PBXFileReference; fileEncoding = 4; lastKnownFileType = sourcecode.c.h; name = IMidiQueue.h; path = ../../IPlug/IMidiQueue.h; sourceTree = SOURCE_ROOT; };
		4F78D9EC13B63C6A0032E0F3 /* IPlugVST.cpp */ = {isa = PBXFileReference; fileEncoding = 4; lastKnownFileType = sourcecode.cpp.cpp; name = IPlugVST.cpp; path = ../../IPlug/IPlugVST.cpp; sourceTree = SOURCE_ROOT; };
		4F78D9ED13B63C6A0032E0F3 /* IPlugVST.h */ = {isa = PBXFileReference; fileEncoding = 4; lastKnownFileType = sourcecode.c.h; name = IPlugVST.h; path = ../../IPlug/IPlugVST.h; sourceTree = SOURCE_ROOT; };
		4FA3667A1FDB1D3F0026B47F /* resource.h */ = {isa = PBXFileReference; fileEncoding = 4; lastKnownFileType = sourcecode.c.h; path = resource.h; sourceTree = "<group>"; };
		4FA3667B1FDB1D3F0026B47F /* ReaperPlugin.rc */ = {isa = PBXFileReference; fileEncoding = 4; lastKnownFileType = text; path = ReaperPlugin.rc; sourceTree = "<group>"; };
		4FBC0D351FD6990900489E0B /* swell-modstub.mm */ = {isa = PBXFileReference; fileEncoding = 4; lastKnownFileType = sourcecode.cpp.objcpp; name = "swell-modstub.mm"; path = "../../WDL/swell/swell-modstub.mm"; sourceTree = "<group>"; };
		4FC1EA3D1F82692C00780C58 /* scripts */ = {isa = PBXFileReference; lastKnownFileType = folder; path = scripts; sourceTree = "<group>"; };
		4FCF15AF133124D1009A6277 /* ReaperPlugin.xcconfig */ = {isa = PBXFileReference; fileEncoding = 4; lastKnownFileType = text.xcconfig; path = ReaperPlugin.xcconfig; sourceTree = "<group>"; };
		4FD16D1713B634E5001D0217 /* swell.h */ = {isa = PBXFileReference; fileEncoding = 4; lastKnownFileType = sourcecode.c.h; name = swell.h; path = ../../WDL/swell/swell.h; sourceTree = SOURCE_ROOT; };
		4FF016F4134E14E2001447BA /* mutex.h */ = {isa = PBXFileReference; fileEncoding = 4; lastKnownFileType = sourcecode.c.h; name = mutex.h; path = ../../WDL/mutex.h; sourceTree = SOURCE_ROOT; };
		4FF016F5134E14E2001447BA /* ptrlist.h */ = {isa = PBXFileReference; fileEncoding = 4; lastKnownFileType = sourcecode.c.h; name = ptrlist.h; path = ../../WDL/ptrlist.h; sourceTree = SOURCE_ROOT; };
		4FF016F6134E14E2001447BA /* wdlstring.h */ = {isa = PBXFileReference; fileEncoding = 4; lastKnownFileType = sourcecode.c.h; name = wdlstring.h; path = ../../WDL/wdlstring.h; sourceTree = SOURCE_ROOT; };
		4FF01719134E153A001447BA /* heapbuf.h */ = {isa = PBXFileReference; fileEncoding = 4; lastKnownFileType = sourcecode.c.h; name = heapbuf.h; path = ../../WDL/heapbuf.h; sourceTree = SOURCE_ROOT; };
		4FF7B0D4156A825000E6CB12 /* common.xcconfig */ = {isa = PBXFileReference; fileEncoding = 4; lastKnownFileType = text.xcconfig; name = common.xcconfig; path = ../../common.xcconfig; sourceTree = SOURCE_ROOT; };
		526F9C010D7DC7D700562CF8 /* ReaperPlugin.exp */ = {isa = PBXFileReference; fileEncoding = 4; lastKnownFileType = sourcecode.exports; path = ReaperPlugin.exp; sourceTree = "<group>"; };
		52FBBED00D0CF139001C8B8A /* ReaperPlugin.cpp */ = {isa = PBXFileReference; fileEncoding = 4; indentWidth = 2; lastKnownFileType = sourcecode.cpp.cpp; path = ReaperPlugin.cpp; sourceTree = "<group>"; tabWidth = 2; usesTabs = 0; };
		52FBBED20D0CF13D001C8B8A /* ReaperPlugin.h */ = {isa = PBXFileReference; fileEncoding = 4; indentWidth = 2; lastKnownFileType = sourcecode.c.h; path = ReaperPlugin.h; sourceTree = "<group>"; tabWidth = 2; usesTabs = 0; };
		52FBBED30D0CF143001C8B8A /* config.h */ = {isa = PBXFileReference; fileEncoding = 4; indentWidth = 2; lastKnownFileType = sourcecode.c.h; path = config.h; sourceTree = "<group>"; tabWidth = 2; usesTabs = 0; };
/* End PBXFileReference section */

/* Begin PBXFrameworksBuildPhase section */
		4F20EF2C132C69FE0030E34C /* Frameworks */ = {
			isa = PBXFrameworksBuildPhase;
			buildActionMask = 2147483647;
			files = (
				4F23D7DF1FD6A9F90030AD9D /* Cocoa.framework in Frameworks */,
			);
			runOnlyForDeploymentPostprocessing = 0;
		};
/* End PBXFrameworksBuildPhase section */

/* Begin PBXGroup section */
		089C166AFE841209C02AAC07 /* IPlugExample */ = {
			isa = PBXGroup;
			children = (
				52FBBED30D0CF143001C8B8A /* config.h */,
				52FBBED20D0CF13D001C8B8A /* ReaperPlugin.h */,
				52FBBED00D0CF139001C8B8A /* ReaperPlugin.cpp */,
				089C167CFE841241C02AAC07 /* Resources */,
				32C88E010371C26100C91783 /* Other Sources */,
				089C1671FE841209C02AAC07 /* Frameworks and Libraries */,
				19C28FB8FE9D52D311CA2CBB /* Products */,
			);
			name = IPlugExample;
			sourceTree = "<group>";
		};
		089C1671FE841209C02AAC07 /* Frameworks and Libraries */ = {
			isa = PBXGroup;
			children = (
				4FF01613134E0BCD001447BA /* WDL */,
				1058C7ACFEA557BF11CA2CBB /* Linked Frameworks */,
			);
			name = "Frameworks and Libraries";
			sourceTree = "<group>";
		};
		089C167CFE841241C02AAC07 /* Resources */ = {
			isa = PBXGroup;
			children = (
				4FA3667B1FDB1D3F0026B47F /* ReaperPlugin.rc */,
				4FA3667A1FDB1D3F0026B47F /* resource.h */,
				4F23BA1513B647E50097A67E /* ReaperPlugin-VST2-Info.plist */,
			);
			name = Resources;
			sourceTree = "<group>";
		};
		1058C7ACFEA557BF11CA2CBB /* Linked Frameworks */ = {
			isa = PBXGroup;
			children = (
				4F7081FF1FD6A6F3005BCD30 /* CoreFoundation.framework */,
				4F7081FB1FD6A6F3005BCD30 /* CoreData.framework */,
				4F7081FE1FD6A6F3005BCD30 /* Foundation.framework */,
				4F7081FC1FD6A6F3005BCD30 /* CoreServices.framework */,
				4F7081FA1FD6A6F2005BCD30 /* Carbon.framework */,
				4F7081FD1FD6A6F3005BCD30 /* Cocoa.framework */,
			);
			name = "Linked Frameworks";
			sourceTree = "<group>";
		};
		19C28FB8FE9D52D311CA2CBB /* Products */ = {
			isa = PBXGroup;
			children = (
				4F20EF33132C69FE0030E34C /* ReaperPlugin.vst */,
			);
			name = Products;
			sourceTree = "<group>";
		};
		32C88E010371C26100C91783 /* Other Sources */ = {
			isa = PBXGroup;
			children = (
				4FC1EA3D1F82692C00780C58 /* scripts */,
				526F9C010D7DC7D700562CF8 /* ReaperPlugin.exp */,
				4FCF15AF133124D1009A6277 /* ReaperPlugin.xcconfig */,
				4FF7B0D4156A825000E6CB12 /* common.xcconfig */,
			);
			name = "Other Sources";
			sourceTree = "<group>";
		};
		4F78D8D013B63B390032E0F3 /* IPlug */ = {
			isa = PBXGroup;
			children = (
				4F78D9EC13B63C6A0032E0F3 /* IPlugVST.cpp */,
				4F78D9ED13B63C6A0032E0F3 /* IPlugVST.h */,
				4F3EE94513B65A350097B791 /* IPlugOSDetect.h */,
				4F78D8E613B63BA40032E0F3 /* IPlug_include_in_plug_hdr.h */,
				4F78D8E813B63BA40032E0F3 /* IPlug_include_in_plug_src.h */,
				4F4237201FC852FE0067D58C /* IPlugConstants.h */,
				4F4237211FC85ABA0067D58C /* IPlugByteChunk.h */,
				4F78D8EC13B63BA40032E0F3 /* IPlugBase.h */,
				4F78D8ED13B63BA40032E0F3 /* IPlugBase.cpp */,
				4F4237231FC863060067D58C /* IPlugUtilities.h */,
				4F78D8EF13B63BA50032E0F3 /* IPlugStructs.cpp */,
				4F78D8FE13B63BA50032E0F3 /* IPlugStructs.h */,
				4F78D90313B63BA50032E0F3 /* IParam.h */,
				4F78D90413B63BA50032E0F3 /* IParam.cpp */,
				4F78D8F213B63BA50032E0F3 /* Hosts.h */,
				4F78D8F313B63BA50032E0F3 /* Hosts.cpp */,
				4F78D90213B63BA50032E0F3 /* IPlug_Prefix.pch */,
				4F78D90513B63BA50032E0F3 /* IMidiQueue.h */,
				4F78D8FA13B63BA50032E0F3 /* Log.h */,
				4F78D8FB13B63BA50032E0F3 /* Log.cpp */,
			);
			name = IPlug;
			sourceTree = "<group>";
		};
		4F78D8D113B63B5D0032E0F3 /* VST2_SDK */ = {
			isa = PBXGroup;
			children = (
				4F78D8D213B63B5D0032E0F3 /* aeffect.h */,
				4F78D8D313B63B5D0032E0F3 /* aeffectx.h */,
			);
			name = VST2_SDK;
			path = ../../VST_SDK;
			sourceTree = SOURCE_ROOT;
		};
		4FD16CF713B6343B001D0217 /* SWELL */ = {
			isa = PBXGroup;
			children = (
				4FBC0D351FD6990900489E0B /* swell-modstub.mm */,
				4FD16D1713B634E5001D0217 /* swell.h */,
			);
			name = SWELL;
			sourceTree = "<group>";
		};
		4FF01613134E0BCD001447BA /* WDL */ = {
			isa = PBXGroup;
			children = (
				4F78D8D113B63B5D0032E0F3 /* VST2_SDK */,
				4F78D8D013B63B390032E0F3 /* IPlug */,
				4FD16CF713B6343B001D0217 /* SWELL */,
				4F1F1BE9135B1F60003A5BB2 /* wdlendian.h */,
				4FF01719134E153A001447BA /* heapbuf.h */,
				4FF016F4134E14E2001447BA /* mutex.h */,
				4FF016F5134E14E2001447BA /* ptrlist.h */,
				4FF016F6134E14E2001447BA /* wdlstring.h */,
				4F78D8BD13B63A4E0032E0F3 /* wdltypes.h */,
			);
			name = WDL;
			sourceTree = "<group>";
		};
/* End PBXGroup section */

/* Begin PBXNativeTarget section */
		4F20EEC8132C69FE0030E34C /* VST2 */ = {
			isa = PBXNativeTarget;
			buildConfigurationList = 4F20EF2F132C69FE0030E34C /* Build configuration list for PBXNativeTarget "VST2" */;
			buildPhases = (
				4F870E0D1FDB2A6800415F75 /* Run Script - make mac resource */,
				4FBCC1B31FD5AE9F00EFE550 /* Run Script - generate plists */,
				4F20EEC9132C69FE0030E34C /* Resources */,
				4F20EECA132C69FE0030E34C /* Sources */,
				4F20EF2C132C69FE0030E34C /* Frameworks */,
			);
			buildRules = (
			);
			dependencies = (
			);
			name = VST2;
			productInstallPath = "$(HOME)/Library/Bundles";
			productName = IPlugExample;
			productReference = 4F20EF33132C69FE0030E34C /* ReaperPlugin.vst */;
			productType = "com.apple.product-type.bundle";
		};
/* End PBXNativeTarget section */

/* Begin PBXProject section */
		089C1669FE841209C02AAC07 /* Project object */ = {
			isa = PBXProject;
			attributes = {
				BuildIndependentTargetsInParallel = YES;
				LastUpgradeCheck = 0900;
			};
			buildConfigurationList = 1DEB913E08733D840010E9CD /* Build configuration list for PBXProject "ReaperPlugin" */;
			compatibilityVersion = "Xcode 8.0";
			developmentRegion = English;
			hasScannedForEncodings = 1;
			knownRegions = (
				English,
				Japanese,
				French,
				German,
			);
			mainGroup = 089C166AFE841209C02AAC07 /* IPlugExample */;
			projectDirPath = "";
			projectRoot = "";
			targets = (
				4F20EEC8132C69FE0030E34C /* VST2 */,
			);
		};
/* End PBXProject section */

/* Begin PBXResourcesBuildPhase section */
		4F20EEC9132C69FE0030E34C /* Resources */ = {
			isa = PBXResourcesBuildPhase;
			buildActionMask = 2147483647;
			files = (
			);
			runOnlyForDeploymentPostprocessing = 0;
		};
/* End PBXResourcesBuildPhase section */

/* Begin PBXShellScriptBuildPhase section */
		4F870E0D1FDB2A6800415F75 /* Run Script - make mac resource */ = {
			isa = PBXShellScriptBuildPhase;
			buildActionMask = 2147483647;
			files = (
			);
			inputPaths = (
			);
			name = "Run Script - make mac resource";
			outputPaths = (
			);
			runOnlyForDeploymentPostprocessing = 0;
			shellPath = /bin/sh;
			shellScript = "./../../WDL/swell/mac_resgen.php ReaperPlugin.rc";
			showEnvVarsInLog = 0;
		};
		4FBCC1B31FD5AE9F00EFE550 /* Run Script - generate plists */ = {
			isa = PBXShellScriptBuildPhase;
			buildActionMask = 2147483647;
			files = (
			);
			inputPaths = (
			);
			name = "Run Script - generate plists";
			outputPaths = (
			);
			runOnlyForDeploymentPostprocessing = 0;
			shellPath = /bin/sh;
			shellScript = "python ./scripts/generate_plists.py";
		};
/* End PBXShellScriptBuildPhase section */

/* Begin PBXSourcesBuildPhase section */
		4F20EECA132C69FE0030E34C /* Sources */ = {
			isa = PBXSourcesBuildPhase;
			buildActionMask = 2147483647;
			files = (
				4F20EECB132C69FE0030E34C /* ReaperPlugin.cpp in Sources */,
				4F78D9BB13B63BA50032E0F3 /* IPlugBase.cpp in Sources */,
				4FBC0D3A1FD699D500489E0B /* swell-modstub.mm in Sources */,
				4F78D9BC13B63BA50032E0F3 /* IPlugStructs.cpp in Sources */,
				4F78D9BD13B63BA50032E0F3 /* Hosts.cpp in Sources */,
				4F78D9C313B63BA50032E0F3 /* Log.cpp in Sources */,
				4F78D9C813B63BA50032E0F3 /* IParam.cpp in Sources */,
				4F78D9F313B63C6A0032E0F3 /* IPlugVST.cpp in Sources */,
			);
			runOnlyForDeploymentPostprocessing = 0;
		};
/* End PBXSourcesBuildPhase section */

/* Begin XCBuildConfiguration section */
		1DEB913F08733D840010E9CD /* Debug */ = {
			isa = XCBuildConfiguration;
			baseConfigurationReference = 4FCF15AF133124D1009A6277 /* ReaperPlugin.xcconfig */;
			buildSettings = {
				ARCHS = "$(ARCHS_STANDARD_32_64_BIT)";
				CLANG_ANALYZER_LOCALIZABILITY_NONLOCALIZED = YES;
				CLANG_WARN_BLOCK_CAPTURE_AUTORELEASING = YES;
				CLANG_WARN_BOOL_CONVERSION = YES;
				CLANG_WARN_CONSTANT_CONVERSION = YES;
				CLANG_WARN_EMPTY_BODY = YES;
				CLANG_WARN_ENUM_CONVERSION = YES;
				CLANG_WARN_INFINITE_RECURSION = YES;
				CLANG_WARN_INT_CONVERSION = YES;
				CLANG_WARN_NON_LITERAL_NULL_CONVERSION = YES;
				CLANG_WARN_OBJC_LITERAL_CONVERSION = YES;
				CLANG_WARN_RANGE_LOOP_ANALYSIS = YES;
				CLANG_WARN_STRICT_PROTOTYPES = YES;
				CLANG_WARN_SUSPICIOUS_MOVE = YES;
				CLANG_WARN_UNREACHABLE_CODE = YES;
				CLANG_WARN__DUPLICATE_METHOD_MATCH = YES;
				CONFIGURATION_BUILD_DIR = "$(BUILD_DIR)";
				COPY_PHASE_STRIP = NO;
				DEPLOYMENT_LOCATION = YES;
				ENABLE_STRICT_OBJC_MSGSEND = NO;
				ENABLE_TESTABILITY = YES;
				EXECUTABLE_EXTENSION = "";
				GCC_DYNAMIC_NO_PIC = NO;
				GCC_ENABLE_FIX_AND_CONTINUE = YES;
				GCC_NO_COMMON_BLOCKS = YES;
				GCC_OPTIMIZATION_LEVEL = "$(DEBUG_OPTIMIZE)";
				GCC_PRECOMPILE_PREFIX_HEADER = YES;
				GCC_PREFIX_HEADER = $IPLUG_PATH/IPlug_Prefix.pch;
				GCC_PREPROCESSOR_DEFINITIONS = (
					"$(DEBUG_DEFS)",
					"$(EXTRA_DEBUG_DEFS)",
				);
				GCC_PREPROCESSOR_DEFINITIONS_NOT_USED_IN_PRECOMPS = "$(EXTRA_ALL_DEFS)";
				GCC_VERSION = "$(COMPILER)";
				GCC_WARN_64_TO_32_BIT_CONVERSION = YES;
				GCC_WARN_ABOUT_DEPRECATED_FUNCTIONS = NO;
				GCC_WARN_ABOUT_RETURN_TYPE = YES;
				GCC_WARN_UNDECLARED_SELECTOR = NO;
				GCC_WARN_UNINITIALIZED_AUTOS = YES;
				GCC_WARN_UNUSED_FUNCTION = YES;
				GCC_WARN_UNUSED_VARIABLE = YES;
				GENERATE_PKGINFO_FILE = YES;
				HEADER_SEARCH_PATHS = (
					"$(ADDITIONAL_INCLUDES)",
					"$(IPLUG_PATH)",
					"$(WDL_PATH)",
					"$(SWELL_PATH)",
				);
				INFOPLIST_EXPAND_BUILD_SETTINGS = YES;
				INFOPLIST_PREPROCESS = NO;
				INSTALL_GROUP = admin;
				INSTALL_OWNER = root;
				INSTALL_PATH = /;
				LIBRARY_SEARCH_PATHS = "$(ADDITIONAL_LIBRARY_PATHS)";
				ONLY_ACTIVE_ARCH = YES;
				OTHER_CPLUSPLUSFLAGS = (
					"$(OTHER_CFLAGS)",
					"$(GCC_CFLAGS)",
				);
				PREBINDING = NO;
				PRECOMPS_INCLUDE_HEADERS_FROM_BUILT_PRODUCTS_DIR = NO;
				PRODUCT_NAME = "$(BINARY_NAME)";
				SDKROOT = "$(BASE_SDK)";
				SKIP_INSTALL = NO;
				STRIP_INSTALLED_PRODUCT = NO;
				SYMROOT = "build-mac";
				VALID_ARCHS = "i386 x86_64";
				WRAPPER_EXTENSION = "";
			};
			name = Debug;
		};
		1DEB914008733D840010E9CD /* Release */ = {
			isa = XCBuildConfiguration;
			baseConfigurationReference = 4FCF15AF133124D1009A6277 /* ReaperPlugin.xcconfig */;
			buildSettings = {
				ARCHS = "$(ARCHS_STANDARD_32_64_BIT)";
				CLANG_ANALYZER_LOCALIZABILITY_NONLOCALIZED = YES;
				CLANG_WARN_BLOCK_CAPTURE_AUTORELEASING = YES;
				CLANG_WARN_BOOL_CONVERSION = YES;
				CLANG_WARN_CONSTANT_CONVERSION = YES;
				CLANG_WARN_EMPTY_BODY = YES;
				CLANG_WARN_ENUM_CONVERSION = YES;
				CLANG_WARN_INFINITE_RECURSION = YES;
				CLANG_WARN_INT_CONVERSION = YES;
				CLANG_WARN_NON_LITERAL_NULL_CONVERSION = YES;
				CLANG_WARN_OBJC_LITERAL_CONVERSION = YES;
				CLANG_WARN_RANGE_LOOP_ANALYSIS = YES;
				CLANG_WARN_STRICT_PROTOTYPES = YES;
				CLANG_WARN_SUSPICIOUS_MOVE = YES;
				CLANG_WARN_UNREACHABLE_CODE = YES;
				CLANG_WARN__DUPLICATE_METHOD_MATCH = YES;
				CONFIGURATION_BUILD_DIR = "$(BUILD_DIR)";
				DEBUG_INFORMATION_FORMAT = "dwarf-with-dsym";
				DEPLOYMENT_LOCATION = YES;
				ENABLE_STRICT_OBJC_MSGSEND = NO;
				EXECUTABLE_EXTENSION = "";
				GCC_GENERATE_DEBUGGING_SYMBOLS = YES;
				GCC_NO_COMMON_BLOCKS = YES;
				GCC_OPTIMIZATION_LEVEL = "$(RELEASE_OPTIMIZE)";
				GCC_PRECOMPILE_PREFIX_HEADER = YES;
				GCC_PREFIX_HEADER = $IPLUG_PATH/IPlug_Prefix.pch;
				GCC_PREPROCESSOR_DEFINITIONS = (
					"$(RELEASE_DEFS)",
					"$(EXTRA_RELEASE_DEFS)",
				);
				GCC_PREPROCESSOR_DEFINITIONS_NOT_USED_IN_PRECOMPS = "$(EXTRA_ALL_DEFS)";
				GCC_SYMBOLS_PRIVATE_EXTERN = YES;
				GCC_VERSION = "$(COMPILER)";
				GCC_WARN_64_TO_32_BIT_CONVERSION = YES;
				GCC_WARN_ABOUT_DEPRECATED_FUNCTIONS = NO;
				GCC_WARN_ABOUT_RETURN_TYPE = YES;
				GCC_WARN_UNDECLARED_SELECTOR = NO;
				GCC_WARN_UNINITIALIZED_AUTOS = YES;
				GCC_WARN_UNUSED_FUNCTION = YES;
				GCC_WARN_UNUSED_VARIABLE = YES;
				GENERATE_PKGINFO_FILE = YES;
				GENERATE_PROFILING_CODE = "$(PROFILE)";
				HEADER_SEARCH_PATHS = (
					"$(ADDITIONAL_INCLUDES)",
					"$(IPLUG_PATH)",
					"$(WDL_PATH)",
					"$(SWELL_PATH)",
				);
				INFOPLIST_EXPAND_BUILD_SETTINGS = YES;
				INFOPLIST_PREPROCESS = NO;
				INSTALL_GROUP = admin;
				INSTALL_OWNER = root;
				INSTALL_PATH = /;
				LIBRARY_SEARCH_PATHS = "$(ADDITIONAL_LIBRARY_PATHS)";
				OTHER_CPLUSPLUSFLAGS = (
					"$(OTHER_CFLAGS)",
					"$(GCC_CFLAGS)",
				);
				PREBINDING = NO;
				PRECOMPS_INCLUDE_HEADERS_FROM_BUILT_PRODUCTS_DIR = NO;
				PRODUCT_NAME = "$(BINARY_NAME)";
				SDKROOT = "$(BASE_SDK)";
				SKIP_INSTALL = NO;
				SYMROOT = "build-mac";
				VALID_ARCHS = "i386 x86_64";
				WRAPPER_EXTENSION = "";
			};
			name = Release;
		};
		4F20EF30132C69FE0030E34C /* Debug */ = {
			isa = XCBuildConfiguration;
			buildSettings = {
				DSTROOT = "$(VST_FOLDER)";
				GCC_PREPROCESSOR_DEFINITIONS = (
					"$(VST2_DEFS)",
					"$(inherited)",
				);
				INFOPLIST_FILE = "resources/ReaperPlugin-VST2-Info.plist";
				PRODUCT_BUNDLE_IDENTIFIER = "com.OliLarkin.vst.${BINARY_NAME}";
				SKIP_INSTALL = NO;
				WARNING_CFLAGS = "-Wno-main";
				WRAPPER_EXTENSION = vst;
			};
			name = Debug;
		};
		4F20EF31132C69FE0030E34C /* Release */ = {
			isa = XCBuildConfiguration;
			buildSettings = {
				DSTROOT = "$(VST_FOLDER)";
				GCC_PREPROCESSOR_DEFINITIONS = (
					"$(VST2_DEFS)",
					"$(inherited)",
				);
				INFOPLIST_FILE = "resources/ReaperPlugin-VST2-Info.plist";
				PRODUCT_BUNDLE_IDENTIFIER = "com.OliLarkin.vst.${BINARY_NAME}";
				SKIP_INSTALL = NO;
				WARNING_CFLAGS = "-Wno-main";
				WRAPPER_EXTENSION = vst;
			};
			name = Release;
		};
		4F20EF32132C69FE0030E34C /* Tracer */ = {
			isa = XCBuildConfiguration;
			buildSettings = {
				DSTROOT = "$(VST_FOLDER)";
				GCC_PREPROCESSOR_DEFINITIONS = (
					"$(VST2_DEFS)",
					"$(inherited)",
				);
				INFOPLIST_FILE = "resources/ReaperPlugin-VST2-Info.plist";
				PRODUCT_BUNDLE_IDENTIFIER = "com.OliLarkin.vst.${BINARY_NAME}";
				SKIP_INSTALL = NO;
				WARNING_CFLAGS = "-Wno-main";
				WRAPPER_EXTENSION = vst;
			};
			name = Tracer;
		};
		528359A90D7F0C3A00577159 /* Tracer */ = {
			isa = XCBuildConfiguration;
			baseConfigurationReference = 4FCF15AF133124D1009A6277 /* ReaperPlugin.xcconfig */;
			buildSettings = {
				ARCHS = "$(ARCHS_STANDARD_32_64_BIT)";
				CLANG_ANALYZER_LOCALIZABILITY_NONLOCALIZED = YES;
				CLANG_WARN_BLOCK_CAPTURE_AUTORELEASING = YES;
				CLANG_WARN_BOOL_CONVERSION = YES;
				CLANG_WARN_COMMA = YES;
				CLANG_WARN_CONSTANT_CONVERSION = YES;
				CLANG_WARN_EMPTY_BODY = YES;
				CLANG_WARN_ENUM_CONVERSION = YES;
				CLANG_WARN_INFINITE_RECURSION = YES;
				CLANG_WARN_INT_CONVERSION = YES;
				CLANG_WARN_NON_LITERAL_NULL_CONVERSION = YES;
				CLANG_WARN_OBJC_LITERAL_CONVERSION = YES;
				CLANG_WARN_RANGE_LOOP_ANALYSIS = YES;
				CLANG_WARN_STRICT_PROTOTYPES = YES;
				CLANG_WARN_SUSPICIOUS_MOVE = YES;
				CLANG_WARN_UNREACHABLE_CODE = YES;
				CLANG_WARN__DUPLICATE_METHOD_MATCH = YES;
				CONFIGURATION_BUILD_DIR = "$(BUILD_DIR)";
				DEPLOYMENT_LOCATION = YES;
				ENABLE_STRICT_OBJC_MSGSEND = NO;
				EXECUTABLE_EXTENSION = "";
				GCC_GENERATE_DEBUGGING_SYMBOLS = YES;
				GCC_NO_COMMON_BLOCKS = YES;
				GCC_OPTIMIZATION_LEVEL = "$(RELEASE_OPTIMIZE)";
				GCC_PRECOMPILE_PREFIX_HEADER = YES;
				GCC_PREFIX_HEADER = $IPLUG_PATH/IPlug_Prefix.pch;
				GCC_PREPROCESSOR_DEFINITIONS = (
					"$(TRACER_DEFS)",
					"$(EXTRA_TRACER_DEFS)",
				);
				GCC_PREPROCESSOR_DEFINITIONS_NOT_USED_IN_PRECOMPS = "$(EXTRA_ALL_DEFS)";
				GCC_VERSION = "$(COMPILER)";
				GCC_WARN_64_TO_32_BIT_CONVERSION = YES;
				GCC_WARN_ABOUT_DEPRECATED_FUNCTIONS = NO;
				GCC_WARN_ABOUT_RETURN_TYPE = YES;
				GCC_WARN_UNDECLARED_SELECTOR = NO;
				GCC_WARN_UNINITIALIZED_AUTOS = YES;
				GCC_WARN_UNUSED_FUNCTION = YES;
				GCC_WARN_UNUSED_VARIABLE = YES;
				GENERATE_PKGINFO_FILE = YES;
				HEADER_SEARCH_PATHS = (
					"$(ADDITIONAL_INCLUDES)",
					"$(IPLUG_PATH)",
					"$(WDL_PATH)",
					"$(SWELL_PATH)",
				);
				INFOPLIST_EXPAND_BUILD_SETTINGS = YES;
				INFOPLIST_PREPROCESS = NO;
				INSTALL_GROUP = admin;
				INSTALL_OWNER = root;
				INSTALL_PATH = /;
				LIBRARY_SEARCH_PATHS = "$(ADDITIONAL_LIBRARY_PATHS)";
				OTHER_CPLUSPLUSFLAGS = (
					"$(OTHER_CFLAGS)",
					"$(GCC_CFLAGS)",
				);
				PREBINDING = NO;
				PRECOMPS_INCLUDE_HEADERS_FROM_BUILT_PRODUCTS_DIR = NO;
				PRODUCT_NAME = "$(BINARY_NAME)";
				SDKROOT = "$(BASE_SDK)";
				SKIP_INSTALL = NO;
				SYMROOT = "build-mac";
				VALID_ARCHS = "i386 x86_64";
				WRAPPER_EXTENSION = "";
			};
			name = Tracer;
		};
/* End XCBuildConfiguration section */

/* Begin XCConfigurationList section */
		1DEB913E08733D840010E9CD /* Build configuration list for PBXProject "ReaperPlugin" */ = {
			isa = XCConfigurationList;
			buildConfigurations = (
				1DEB913F08733D840010E9CD /* Debug */,
				1DEB914008733D840010E9CD /* Release */,
				528359A90D7F0C3A00577159 /* Tracer */,
			);
			defaultConfigurationIsVisible = 0;
			defaultConfigurationName = Release;
		};
		4F20EF2F132C69FE0030E34C /* Build configuration list for PBXNativeTarget "VST2" */ = {
			isa = XCConfigurationList;
			buildConfigurations = (
				4F20EF30132C69FE0030E34C /* Debug */,
				4F20EF31132C69FE0030E34C /* Release */,
				4F20EF32132C69FE0030E34C /* Tracer */,
			);
			defaultConfigurationIsVisible = 0;
			defaultConfigurationName = Release;
		};
/* End XCConfigurationList section */
	};
	rootObject = 089C1669FE841209C02AAC07 /* Project object */;
}
