<?xml version="1.0" encoding="utf-8"?>
<Project ToolsVersion="4.0" xmlns="http://schemas.microsoft.com/developer/msbuild/2003">
  <ItemGroup>
    <ClCompile Include="IPlugEffect.cpp" />
    <ClCompile Include="..\..\IPlug\Hosts.cpp">
      <Filter>IPlug</Filter>
    </ClCompile>
    <ClCompile Include="..\..\IPlug\IParam.cpp">
      <Filter>IPlug</Filter>
    </ClCompile>
    <ClCompile Include="..\..\IPlug\IPlugBase.cpp">
      <Filter>IPlug</Filter>
    </ClCompile>
    <ClCompile Include="..\..\IPlug\IPlugStructs.cpp">
      <Filter>IPlug</Filter>
    </ClCompile>
    <ClCompile Include="..\..\IPlug\IPlugVST.cpp">
      <Filter>IPlug</Filter>
    </ClCompile>
    <ClCompile Include="..\..\IPlug\Log.cpp">
      <Filter>IPlug</Filter>
    </ClCompile>
    <ClCompile Include="..\..\IPlug\IGraphics\IPlugBaseGraphics.cpp">
      <Filter>IPlug</Filter>
    </ClCompile>
    <ClCompile Include="..\..\IPlug\IGraphics\IControl.cpp">
      <Filter>IPlug\IGraphics</Filter>
    </ClCompile>
    <ClCompile Include="..\..\IPlug\IGraphics\IGraphics.cpp">
      <Filter>IPlug\IGraphics</Filter>
    </ClCompile>
    <ClCompile Include="..\..\IPlug\IGraphics\IGraphicsLice.cpp">
      <Filter>IPlug\IGraphics</Filter>
    </ClCompile>
    <ClCompile Include="..\..\IPlug\IGraphics\IGraphicsWin.cpp">
      <Filter>IPlug\IGraphics</Filter>
    </ClCompile>
    <ClCompile Include="..\..\IPlug\IGraphics\IPopupMenu.cpp">
      <Filter>IPlug\IGraphics</Filter>
    </ClCompile>
  </ItemGroup>
  <ItemGroup>
    <ClInclude Include="IPlugEffect.h" />
    <ClInclude Include="resource.h" />
    <ClInclude Include="..\..\IPlug\NChanDelay.h">
      <Filter>IPlug</Filter>
    </ClInclude>
    <ClInclude Include="..\..\IPlug\Hosts.h">
      <Filter>IPlug</Filter>
    </ClInclude>
    <ClInclude Include="..\..\IPlug\IMidiQueue.h">
      <Filter>IPlug</Filter>
    </ClInclude>
    <ClInclude Include="..\..\IPlug\IParam.h">
      <Filter>IPlug</Filter>
    </ClInclude>
    <ClInclude Include="..\..\IPlug\IPlug_include_in_plug_hdr.h">
      <Filter>IPlug</Filter>
    </ClInclude>
    <ClInclude Include="..\..\IPlug\IPlug_include_in_plug_src.h">
      <Filter>IPlug</Filter>
    </ClInclude>
    <ClInclude Include="..\..\IPlug\IPlugBase.h">
      <Filter>IPlug</Filter>
    </ClInclude>
    <ClInclude Include="..\..\IPlug\IPlugByteChunk.h">
      <Filter>IPlug</Filter>
    </ClInclude>
    <ClInclude Include="..\..\IPlug\IPlugConstants.h">
      <Filter>IPlug</Filter>
    </ClInclude>
    <ClInclude Include="..\..\IPlug\IPlugOSDetect.h">
      <Filter>IPlug</Filter>
    </ClInclude>
    <ClInclude Include="..\..\IPlug\IPlugStructs.h">
      <Filter>IPlug</Filter>
    </ClInclude>
    <ClInclude Include="..\..\IPlug\IPlugUtilities.h">
      <Filter>IPlug</Filter>
    </ClInclude>
    <ClInclude Include="..\..\IPlug\IPlugVST.h">
      <Filter>IPlug</Filter>
    </ClInclude>
    <ClInclude Include="..\..\IPlug\Log.h">
      <Filter>IPlug</Filter>
    </ClInclude>
    <ClInclude Include="..\..\IPlug\IGraphics\IPlugBaseGraphics.h">
      <Filter>IPlug</Filter>
    </ClInclude>
    <ClInclude Include="..\..\IPlug\IGraphics\IAutoGUI.h">
      <Filter>IPlug\IGraphics</Filter>
    </ClInclude>
    <ClInclude Include="..\..\IPlug\IGraphics\IBitmapMonoText.h">
      <Filter>IPlug\IGraphics</Filter>
    </ClInclude>
    <ClInclude Include="..\..\IPlug\IGraphics\IControl.h">
      <Filter>IPlug\IGraphics</Filter>
    </ClInclude>
    <ClInclude Include="..\..\IPlug\IGraphics\IGraphics.h">
      <Filter>IPlug\IGraphics</Filter>
    </ClInclude>
    <ClInclude Include="..\..\IPlug\IGraphics\IGraphicsConstants.h">
      <Filter>IPlug\IGraphics</Filter>
    </ClInclude>
    <ClInclude Include="..\..\IPlug\IGraphics\IGraphicsLice.h">
      <Filter>IPlug\IGraphics</Filter>
    </ClInclude>
    <ClInclude Include="..\..\IPlug\IGraphics\IGraphicsStructs.h">
      <Filter>IPlug\IGraphics</Filter>
    </ClInclude>
    <ClInclude Include="..\..\IPlug\IGraphics\IGraphicsUtilites.h">
      <Filter>IPlug\IGraphics</Filter>
    </ClInclude>
    <ClInclude Include="..\..\IPlug\IGraphics\IGraphicsWin.h">
      <Filter>IPlug\IGraphics</Filter>
    </ClInclude>
    <ClInclude Include="..\..\IPlug\IGraphics\IKeyboardControl.h">
      <Filter>IPlug\IGraphics</Filter>
    </ClInclude>
    <ClInclude Include="..\..\IPlug\IGraphics\IPopupMenu.h">
      <Filter>IPlug\IGraphics</Filter>
    </ClInclude>
  </ItemGroup>
  <ItemGroup>
    <ResourceCompile Include="IPlugEffect.rc" />
  </ItemGroup>
  <ItemGroup>
    <Filter Include="IPlug">
      <UniqueIdentifier>{20cdefb5-7c25-480a-824a-67a1c597035b}</UniqueIdentifier>
    </Filter>
    <Filter Include="IPlug\IGraphics">
      <UniqueIdentifier>{9b561d73-ccef-473f-80cc-e24ba67ea10d}</UniqueIdentifier>
    </Filter>
  </ItemGroup>
</Project>