<?xml version="1.0" encoding="utf-8"?>
<Project ToolsVersion="4.0" xmlns="http://schemas.microsoft.com/developer/msbuild/2003">
  <ItemGroup>
    <ClCompile Include="IPlugEEL.cpp" />
    <ClCompile Include="..\..\WDL\IPlug\IPlugVST.cpp">
      <Filter>vst2</Filter>
    </ClCompile>
    <ClCompile Include="..\..\WDL\eel2\nseel-caltab.c">
      <Filter>EEL</Filter>
    </ClCompile>
    <ClCompile Include="..\..\WDL\eel2\nseel-cfunc.c">
      <Filter>EEL</Filter>
    </ClCompile>
    <ClCompile Include="..\..\WDL\eel2\nseel-compiler.c">
      <Filter>EEL</Filter>
    </ClCompile>
    <ClCompile Include="..\..\WDL\eel2\nseel-eval.c">
      <Filter>EEL</Filter>
    </ClCompile>
    <ClCompile Include="..\..\WDL\eel2\nseel-lextab.c">
      <Filter>EEL</Filter>
    </ClCompile>
    <ClCompile Include="..\..\WDL\eel2\nseel-ram.c">
      <Filter>EEL</Filter>
    </ClCompile>
    <ClCompile Include="..\..\WDL\eel2\nseel-yylex.c">
      <Filter>EEL</Filter>
    </ClCompile>
  </ItemGroup>
  <ItemGroup>
    <ClInclude Include="IPlugEEL.h" />
    <ClInclude Include="resource.h" />
    <ClInclude Include="..\..\WDL\IPlug\IPlugVST.h">
      <Filter>vst2</Filter>
    </ClInclude>
    <ClInclude Include="..\..\WDL\eel2\glue_port.h">
      <Filter>EEL</Filter>
    </ClInclude>
    <ClInclude Include="..\..\WDL\eel2\glue_x86.h">
      <Filter>EEL</Filter>
    </ClInclude>
    <ClInclude Include="..\..\WDL\eel2\glue_x86_64.h">
      <Filter>EEL</Filter>
    </ClInclude>
    <ClInclude Include="..\..\WDL\eel2\ns-eel.h">
      <Filter>EEL</Filter>
    </ClInclude>
    <ClInclude Include="..\..\WDL\eel2\ns-eel-addfuncs.h">
      <Filter>EEL</Filter>
    </ClInclude>
    <ClInclude Include="..\..\WDL\eel2\ns-eel-int.h">
      <Filter>EEL</Filter>
    </ClInclude>
  </ItemGroup>
  <ItemGroup>
    <ResourceCompile Include="IPlugEEL.rc" />
  </ItemGroup>
  <ItemGroup>
    <Filter Include="vst2">
      <UniqueIdentifier>{ea16de74-9d15-4c60-ba09-d0924088d3e5}</UniqueIdentifier>
    </Filter>
    <Filter Include="EEL">
      <UniqueIdentifier>{5ad4bf3f-6f00-40b7-aa63-352f3c7e3cf2}</UniqueIdentifier>
    </Filter>
  </ItemGroup>
  <ItemGroup>
    <Object Include="..\..\WDL\eel2\asm-nseel-x64.obj">
      <Filter>EEL</Filter>
    </Object>
  </ItemGroup>
</Project>