Microsoft Visual Studio Solution File, Format Version 9.00
# Visual C++ Express 2005
Project("{8BC9CEB8-8B4A-11D0-8D11-00A0C91BC942}") = "IPlugChunks-rtas", "IPlugChunks-rtas.vcproj", "{8F427C1E-B580-4793-BEAC-F2CFEFA003F5}"
	ProjectSection(ProjectDependencies) = postProject
		{679358EF-E932-4A20-AAAA-75E46481F30A} = {679358EF-E932-4A20-AAAA-75E46481F30A}
		{D2CE28FF-63B8-48BC-936D-33F365B4053F} = {D2CE28FF-63B8-48BC-936D-33F365B4053F}
	EndProjectSection
EndProject
Project("{8BC9CEB8-8B4A-11D0-8D11-00A0C91BC942}") = "PlugInLib", "..\..\PT9_SDK\AlturaPorts\TDMPlugIns\PlugInLibrary\WinBuild\PlugInLib.vcproj", "{D2CE28FF-63B8-48BC-936D-33F365B4053F}"
EndProject
Project("{8BC9CEB8-8B4A-11D0-8D11-00A0C91BC942}") = "lice_vs2005", "..\..\WDL\lice\lice_vs2005.vcproj", "{679358EF-E932-4A20-AAAA-75E46481F30A}"
EndProject
Project("{8BC9CEB8-8B4A-11D0-8D11-00A0C91BC942}") = "IPlugChunks-aax", "IPlugChunks-aax.vcproj", "{DC4B5920-933D-4C82-B842-F34431D55A93}"
	ProjectSection(ProjectDependencies) = postProject
		{5E3D286E-BF0D-446A-AFEF-E800F283CE53} = {5E3D286E-BF0D-446A-AFEF-E800F283CE53}
		{679358EF-E932-4A20-AAAA-75E46481F30A} = {679358EF-E932-4A20-AAAA-75E46481F30A}
	EndProjectSection
EndProject
Project("{8BC9CEB8-8B4A-11D0-8D11-00A0C91BC942}") = "AAXLibrary", "..\..\AAX_SDK\Libs\AAXLibrary\WinBuild\AAXLibrary.vcproj", "{5E3D286E-BF0D-446A-AFEF-E800F283CE53}"
EndProject
Global
	GlobalSection(SolutionConfigurationPlatforms) = preSolution
		Debug|Win32 = Debug|Win32
		Release|Win32 = Release|Win32
		Tracer|Win32 = Tracer|Win32
	EndGlobalSection
	GlobalSection(ProjectConfigurationPlatforms) = postSolution
		{8F427C1E-B580-4793-BEAC-F2CFEFA003F5}.Debug|Win32.ActiveCfg = Debug|Win32
		{8F427C1E-B580-4793-BEAC-F2CFEFA003F5}.Debug|Win32.Build.0 = Debug|Win32
		{8F427C1E-B580-4793-BEAC-F2CFEFA003F5}.Release|Win32.ActiveCfg = Release|Win32
		{8F427C1E-B580-4793-BEAC-F2CFEFA003F5}.Release|Win32.Build.0 = Release|Win32
		{8F427C1E-B580-4793-BEAC-F2CFEFA003F5}.Tracer|Win32.ActiveCfg = Tracer|Win32
		{8F427C1E-B580-4793-BEAC-F2CFEFA003F5}.Tracer|Win32.Build.0 = Tracer|Win32
		{D2CE28FF-63B8-48BC-936D-33F365B4053F}.Debug|Win32.ActiveCfg = Release|Win32
		{D2CE28FF-63B8-48BC-936D-33F365B4053F}.Debug|Win32.Build.0 = Release|Win32
		{D2CE28FF-63B8-48BC-936D-33F365B4053F}.Release|Win32.ActiveCfg = Release|Win32
		{D2CE28FF-63B8-48BC-936D-33F365B4053F}.Release|Win32.Build.0 = Release|Win32
		{D2CE28FF-63B8-48BC-936D-33F365B4053F}.Tracer|Win32.ActiveCfg = Release|Win32
		{D2CE28FF-63B8-48BC-936D-33F365B4053F}.Tracer|Win32.Build.0 = Release|Win32
		{679358EF-E932-4A20-AAAA-75E46481F30A}.Debug|Win32.ActiveCfg = Debug|Win32
		{679358EF-E932-4A20-AAAA-75E46481F30A}.Debug|Win32.Build.0 = Debug|Win32
		{679358EF-E932-4A20-AAAA-75E46481F30A}.Release|Win32.ActiveCfg = Release|Win32
		{679358EF-E932-4A20-AAAA-75E46481F30A}.Release|Win32.Build.0 = Release|Win32
		{679358EF-E932-4A20-AAAA-75E46481F30A}.Tracer|Win32.ActiveCfg = Release|Win32
		{679358EF-E932-4A20-AAAA-75E46481F30A}.Tracer|Win32.Build.0 = Release|Win32
		{DC4B5920-933D-4C82-B842-F34431D55A93}.Debug|Win32.ActiveCfg = Debug|Win32
		{DC4B5920-933D-4C82-B842-F34431D55A93}.Debug|Win32.Build.0 = Debug|Win32
		{DC4B5920-933D-4C82-B842-F34431D55A93}.Release|Win32.ActiveCfg = Release|Win32
		{DC4B5920-933D-4C82-B842-F34431D55A93}.Release|Win32.Build.0 = Release|Win32
		{DC4B5920-933D-4C82-B842-F34431D55A93}.Tracer|Win32.ActiveCfg = Release|Win32
		{DC4B5920-933D-4C82-B842-F34431D55A93}.Tracer|Win32.Build.0 = Release|Win32
		{5E3D286E-BF0D-446A-AFEF-E800F283CE53}.Debug|Win32.ActiveCfg = Debug|Win32
		{5E3D286E-BF0D-446A-AFEF-E800F283CE53}.Debug|Win32.Build.0 = Debug|Win32
		{5E3D286E-BF0D-446A-AFEF-E800F283CE53}.Release|Win32.ActiveCfg = Release|Win32
		{5E3D286E-BF0D-446A-AFEF-E800F283CE53}.Release|Win32.Build.0 = Release|Win32
		{5E3D286E-BF0D-446A-AFEF-E800F283CE53}.Tracer|Win32.ActiveCfg = Debug|Win32
		{5E3D286E-BF0D-446A-AFEF-E800F283CE53}.Tracer|Win32.Build.0 = Debug|Win32
	EndGlobalSection
	GlobalSection(SolutionProperties) = preSolution
		HideSolutionNode = FALSE
	EndGlobalSection
EndGlobal
