<?xml version="1.0" encoding="utf-8"?>
<Project ToolsVersion="4.0" xmlns="http://schemas.microsoft.com/developer/msbuild/2003">
  <ItemGroup>
    <ClCompile Include="ReaperPlugin.cpp" />
    <ClCompile Include="..\..\IPlug\IPlugVST.cpp">
      <Filter>IPlug</Filter>
    </ClCompile>
    <ClCompile Include="..\..\IPlug\Hosts.cpp">
      <Filter>IPlug</Filter>
    </ClCompile>
    <ClCompile Include="..\..\IPlug\IParam.cpp">
      <Filter>IPlug</Filter>
    </ClCompile>
    <ClCompile Include="..\..\IPlug\IPlugBase.cpp">
      <Filter>IPlug</Filter>
    </ClCompile>
    <ClCompile Include="..\..\IPlug\IPlugStructs.cpp">
      <Filter>IPlug</Filter>
    </ClCompile>
    <ClCompile Include="..\..\IPlug\Log.cpp">
      <Filter>IPlug</Filter>
    </ClCompile>
  </ItemGroup>
  <ItemGroup>
    <ClInclude Include="ReaperPlugin.h" />
    <ClInclude Include="..\..\IPlug\IPlugVST.h">
      <Filter>IPlug</Filter>
    </ClInclude>
    <ClInclude Include="..\..\IPlug\Hosts.h">
      <Filter>IPlug</Filter>
    </ClInclude>
    <ClInclude Include="..\..\IPlug\IMidiQueue.h">
      <Filter>IPlug</Filter>
    </ClInclude>
    <ClInclude Include="..\..\IPlug\IParam.h">
      <Filter>IPlug</Filter>
    </ClInclude>
    <ClInclude Include="..\..\IPlug\IPlug_include_in_plug_hdr.h">
      <Filter>IPlug</Filter>
    </ClInclude>
    <ClInclude Include="..\..\IPlug\IPlug_include_in_plug_src.h">
      <Filter>IPlug</Filter>
    </ClInclude>
    <ClInclude Include="..\..\IPlug\IPlugBase.h">
      <Filter>IPlug</Filter>
    </ClInclude>
    <ClInclude Include="..\..\IPlug\IPlugByteChunk.h">
      <Filter>IPlug</Filter>
    </ClInclude>
    <ClInclude Include="..\..\IPlug\IPlugConstants.h">
      <Filter>IPlug</Filter>
    </ClInclude>
    <ClInclude Include="..\..\IPlug\IPlugOSDetect.h">
      <Filter>IPlug</Filter>
    </ClInclude>
    <ClInclude Include="..\..\IPlug\IPlugProcessor.h">
      <Filter>IPlug</Filter>
    </ClInclude>
    <ClInclude Include="..\..\IPlug\IPlugStructs.h">
      <Filter>IPlug</Filter>
    </ClInclude>
    <ClInclude Include="..\..\IPlug\IPlugUtilities.h">
      <Filter>IPlug</Filter>
    </ClInclude>
    <ClInclude Include="..\..\IPlug\Log.h">
      <Filter>IPlug</Filter>
    </ClInclude>
    <ClInclude Include="..\..\IPlug\NChanDelay.h">
      <Filter>IPlug</Filter>
    </ClInclude>
    <ClInclude Include="config.h" />
    <ClInclude Include="resource.h" />
  </ItemGroup>
  <ItemGroup>
    <Filter Include="IPlug">
      <UniqueIdentifier>{ea16de74-9d15-4c60-ba09-d0924088d3e5}</UniqueIdentifier>
    </Filter>
  </ItemGroup>
  <ItemGroup>
    <ResourceCompile Include="ReaperPlugin.rc" />
  </ItemGroup>
</Project>