<?xml version="1.0" encoding="utf-8"?>
<Project ToolsVersion="4.0" xmlns="http://schemas.microsoft.com/developer/msbuild/2003">
  <ItemGroup>
    <ClCompile Include="..\IPlugP5js.cpp" />
    <ClCompile Include="..\..\..\IPlug\IPlugAPIBase.cpp">
      <Filter>IPlug</Filter>
    </ClCompile>
    <ClCompile Include="..\..\..\IPlug\IPlugParameter.cpp">
      <Filter>IPlug</Filter>
    </ClCompile>
    <ClCompile Include="..\..\..\IPlug\IPlugProcessor.cpp">
      <Filter>IPlug</Filter>
    </ClCompile>
    <ClCompile Include="..\..\..\IPlug\VST2\IPlugVST2.cpp">
      <Filter>IPlug\VST2</Filter>
    </ClCompile>
    <ClCompile Include="..\..\..\IPlug\IPlugPluginBase.cpp">
      <Filter>IPlug</Filter>
    </ClCompile>
    <ClCompile Include="..\..\..\IPlug\IPlugTimer.cpp">
      <Filter>IPlug</Filter>
    </ClCompile>
    <ClCompile Include="..\..\..\IPlug\IPlugPaths.cpp">
      <Filter>IPlug</Filter>
    </ClCompile>
    <ClCompile Include="..\..\..\IPlug\Extras\WebView\IPlugWebView.cpp">
      <Filter>IPlug\Extras\WebView</Filter>
    </ClCompile>
    <ClCompile Include="..\..\..\IPlug\Extras\WebView\IPlugWebViewEditorDelegate.cpp">
      <Filter>IPlug\Extras\WebView</Filter>
    </ClCompile>
    <ClCompile Include="..\..\..\IPlug\Extras\WebView\IPlugWebView_win.cpp">
      <Filter>IPlug\Extras\WebView</Filter>
    </ClCompile>
  </ItemGroup>
  <ItemGroup>
    <ClInclude Include="../config.h" />
    <ClInclude Include="..\IPlugP5js.h" />
    <ClInclude Include="..\..\..\IPlug\IPlugAPIBase.h">
      <Filter>IPlug</Filter>
    </ClInclude>
    <ClInclude Include="..\..\..\IPlug\IPlugConstants.h">
      <Filter>IPlug</Filter>
    </ClInclude>
    <ClInclude Include="..\..\..\IPlug\IPlugLogger.h">
      <Filter>IPlug</Filter>
    </ClInclude>
    <ClInclude Include="..\..\..\IPlug\IPlugMidi.h">
      <Filter>IPlug</Filter>
    </ClInclude>
    <ClInclude Include="..\..\..\IPlug\IPlugPlatform.h">
      <Filter>IPlug</Filter>
    </ClInclude>
    <ClInclude Include="..\..\..\IPlug\IPlugParameter.h">
      <Filter>IPlug</Filter>
    </ClInclude>
    <ClInclude Include="..\..\..\IPlug\IPlugStructs.h">
      <Filter>IPlug</Filter>
    </ClInclude>
    <ClInclude Include="..\..\..\IPlug\IPlugUtilities.h">
      <Filter>IPlug</Filter>
    </ClInclude>
    <ClInclude Include="..\..\..\IPlug\IPlug_include_in_plug_hdr.h">
      <Filter>IPlug</Filter>
    </ClInclude>
    <ClInclude Include="..\..\..\IPlug\IPlug_include_in_plug_src.h">
      <Filter>IPlug</Filter>
    </ClInclude>
    <ClInclude Include="..\resources\resource.h">
      <Filter>resources</Filter>
    </ClInclude>
    <ClInclude Include="..\..\..\IPlug\IPlugProcessor.h">
      <Filter>IPlug</Filter>
    </ClInclude>
    <ClInclude Include="..\..\..\IPlug\IPlugEditorDelegate.h">
      <Filter>IPlug</Filter>
    </ClInclude>
    <ClInclude Include="..\..\..\Dependencies\IPlug\VST2_SDK\aeffect.h">
      <Filter>IPlug\VST2</Filter>
    </ClInclude>
    <ClInclude Include="..\..\..\Dependencies\IPlug\VST2_SDK\aeffectx.h">
      <Filter>IPlug\VST2</Filter>
    </ClInclude>
    <ClInclude Include="..\..\..\IPlug\VST2\IPlugVST2.h">
      <Filter>IPlug\VST2</Filter>
    </ClInclude>
    <ClInclude Include="..\..\..\IPlug\IPlugTimer.h">
      <Filter>IPlug</Filter>
    </ClInclude>
    <ClInclude Include="..\..\..\IPlug\IPlugPaths.h">
      <Filter>IPlug</Filter>
    </ClInclude>
    <ClInclude Include="..\..\..\IPlug\IPlugPluginBase.h">
      <Filter>IPlug</Filter>
    </ClInclude>
    <ClInclude Include="..\..\..\IPlug\Extras\WebView\IPlugWebViewEditorDelegate.h">
      <Filter>IPlug\Extras\WebView</Filter>
    </ClInclude>
    <ClInclude Include="..\..\..\IPlug\Extras\WebView\IPlugWebView.h">
      <Filter>IPlug\Extras\WebView</Filter>
    </ClInclude>
  </ItemGroup>
  <ItemGroup>
    <Filter Include="IPlug">
      <UniqueIdentifier>{2425d7db-3821-4242-b5c9-db34bda176ce}</UniqueIdentifier>
    </Filter>
    <Filter Include="resources">
      <UniqueIdentifier>{340070a8-76f3-47eb-9d5f-c13785b65579}</UniqueIdentifier>
    </Filter>
    <Filter Include="IPlug\VST2">
      <UniqueIdentifier>{35a9e026-dde0-499a-9432-4ee1754ffba8}</UniqueIdentifier>
    </Filter>
    <Filter Include="config">
      <UniqueIdentifier>{8c338368-7512-426b-af83-0f50719ca0bd}</UniqueIdentifier>
    </Filter>
    <Filter Include="IPlug\Extras">
      <UniqueIdentifier>{63e3c6af-8ebf-42e5-a98c-600d08d517ae}</UniqueIdentifier>
    </Filter>
    <Filter Include="IPlug\Extras\WebView">
      <UniqueIdentifier>{9765dd59-172b-4da9-a7ad-9362ccd56097}</UniqueIdentifier>
    </Filter>
  </ItemGroup>
  <ItemGroup>
    <ResourceCompile Include="..\resources\main.rc">
      <Filter>resources</Filter>
    </ResourceCompile>
  </ItemGroup>
  <ItemGroup>
    <None Include="..\config\IPlugP5js-web.mk">
      <Filter>config</Filter>
    </None>
    <None Include="..\config\IPlugP5js-win.props">
      <Filter>config</Filter>
    </None>
    <None Include="..\config\IPlugP5js-mac.xcconfig">
      <Filter>config</Filter>
    </None>
    <None Include="..\config\IPlugP5js-ios.xcconfig">
      <Filter>config</Filter>
    </None>
    <None Include="packages.config" />
  </ItemGroup>
</Project>