{
  "originHash" : "defa0f6774c08b13d40cb7b76e00001d9694447c2c5f899bdc328cac655cdb02",
  "pins" : [
    {
      "identity" : "vger",
      "kind" : "remoteSourceControl",
      "location" : "https://github.com/audulus/vger",
      "state" : {
        "revision" : "e790da7ee3dafff2e47d63e6416de2c8cb0692a8",
        "version" : "1.0.1"
      }
    }
  ],
  "version" : 3
}
